// !$*UTF8*$!
{
	archiveVersion = 1;
	classes = {
	};
	objectVersion = 50;
	objects = {

/* Begin PBXBuildFile section */
		C0D73B5524451E4B00391533 /* AppDelegate.swift in Sources */ = {isa = PBXBuildFile; fileRef = C0D73B5424451E4B00391533 /* AppDelegate.swift */; };
		C0D73B5724451E4B00391533 /* SceneDelegate.swift in Sources */ = {isa = PBXBuildFile; fileRef = C0D73B5624451E4B00391533 /* SceneDelegate.swift */; };
		C0D73B5924451E4B00391533 /* ViewController.swift in Sources */ = {isa = PBXBuildFile; fileRef = C0D73B5824451E4B00391533 /* ViewController.swift */; };
		C0D73B5C24451E4B00391533 /* Main.storyboard in Resources */ = {isa = PBXBuildFile; fileRef = C0D73B5A24451E4B00391533 /* Main.storyboard */; };
		C0D73B5E24451E5300391533 /* Assets.xcassets in Resources */ = {isa = PBXBuildFile; fileRef = C0D73B5D24451E5300391533 /* Assets.xcassets */; };
		C0D73B6124451E5300391533 /* LaunchScreen.storyboard in Resources */ = {isa = PBXBuildFile; fileRef = C0D73B5F24451E5300391533 /* LaunchScreen.storyboard */; };
		C0D73B6924451F8C00391533 /* locations.json in Resources */ = {isa = PBXBuildFile; fileRef = C0D73B6824451F8C00391533 /* locations.json */; };
		C0D73B6B2445265200391533 /* FilmEntry.swift in Sources */ = {isa = PBXBuildFile; fileRef = C0D73B6A2445265200391533 /* FilmEntry.swift */; };
		C0D73B6D2445367100391533 /* FilmEntryCodable.swift in Sources */ = {isa = PBXBuildFile; fileRef = C0D73B6C2445367100391533 /* FilmEntryCodable.swift */; };
/* End PBXBuildFile section */

/* Begin PBXFileReference section */
		C0D73B5124451E4B00391533 /* FilmLocations.app */ = {isa = PBXFileReference; explicitFileType = wrapper.application; includeInIndex = 0; path = FilmLocations.app; sourceTree = BUILT_PRODUCTS_DIR; };
		C0D73B5424451E4B00391533 /* AppDelegate.swift */ = {isa = PBXFileReference; lastKnownFileType = sourcecode.swift; path = AppDelegate.swift; sourceTree = "<group>"; };
		C0D73B5624451E4B00391533 /* SceneDelegate.swift */ = {isa = PBXFileReference; lastKnownFileType = sourcecode.swift; path = SceneDelegate.swift; sourceTree = "<group>"; };
		C0D73B5824451E4B00391533 /* ViewController.swift */ = {isa = PBXFileReference; lastKnownFileType = sourcecode.swift; path = ViewController.swift; sourceTree = "<group>"; };
		C0D73B5B24451E4B00391533 /* Base */ = {isa = PBXFileReference; lastKnownFileType = file.storyboard; name = Base; path = Base.lproj/Main.storyboard; sourceTree = "<group>"; };
		C0D73B5D24451E5300391533 /* Assets.xcassets */ = {isa = PBXFileReference; lastKnownFileType = folder.assetcatalog; path = Assets.xcassets; sourceTree = "<group>"; };
		C0D73B6024451E5300391533 /* Base */ = {isa = PBXFileReference; lastKnownFileType = file.storyboard; name = Base; path = Base.lproj/LaunchScreen.storyboard; sourceTree = "<group>"; };
		C0D73B6224451E5300391533 /* Info.plist */ = {isa = PBXFileReference; lastKnownFileType = text.plist.xml; path = Info.plist; sourceTree = "<group>"; };
		C0D73B6824451F8C00391533 /* locations.json */ = {isa = PBXFileReference; fileEncoding = 4; lastKnownFileType = text.json; path = locations.json; sourceTree = "<group>"; };
		C0D73B6A2445265200391533 /* FilmEntry.swift */ = {isa = PBXFileReference; lastKnownFileType = sourcecode.swift; path = FilmEntry.swift; sourceTree = "<group>"; };
		C0D73B6C2445367100391533 /* FilmEntryCodable.swift */ = {isa = PBXFileReference; lastKnownFileType = sourcecode.swift; path = FilmEntryCodable.swift; sourceTree = "<group>"; };
/* End PBXFileReference section */

/* Begin PBXFrameworksBuildPhase section */
		C0D73B4E24451E4B00391533 /* Frameworks */ = {
			isa = PBXFrameworksBuildPhase;
			buildActionMask = 2147483647;
			files = (
			);
			runOnlyForDeploymentPostprocessing = 0;
		};
/* End PBXFrameworksBuildPhase section */

/* Begin PBXGroup section */
		C0D73B4824451E4B00391533 = {
			isa = PBXGroup;
			children = (
				C0D73B5324451E4B00391533 /* FilmLocations */,
				C0D73B5224451E4B00391533 /* Products */,
			);
			sourceTree = "<group>";
		};
		C0D73B5224451E4B00391533 /* Products */ = {
			isa = PBXGroup;
			children = (
				C0D73B5124451E4B00391533 /* FilmLocations.app */,
			);
			name = Products;
			sourceTree = "<group>";
		};
		C0D73B5324451E4B00391533 /* FilmLocations */ = {
			isa = PBXGroup;
			children = (
				C0D73B5424451E4B00391533 /* AppDelegate.swift */,
				C0D73B5624451E4B00391533 /* SceneDelegate.swift */,
				C0D73B5824451E4B00391533 /* ViewController.swift */,
				C0D73B6C2445367100391533 /* FilmEntryCodable.swift */,
				C0D73B6A2445265200391533 /* FilmEntry.swift */,
				C0D73B5A24451E4B00391533 /* Main.storyboard */,
				C0D73B5D24451E5300391533 /* Assets.xcassets */,
				C0D73B5F24451E5300391533 /* LaunchScreen.storyboard */,
				C0D73B6824451F8C00391533 /* locations.json */,
				C0D73B6224451E5300391533 /* Info.plist */,
			);
			path = FilmLocations;
			sourceTree = "<group>";
		};
/* End PBXGroup section */

/* Begin PBXNativeTarget section */
		C0D73B5024451E4B00391533 /* FilmLocations */ = {
			isa = PBXNativeTarget;
			buildConfigurationList = C0D73B6524451E5300391533 /* Build configuration list for PBXNativeTarget "FilmLocations" */;
			buildPhases = (
				C0D73B4D24451E4B00391533 /* Sources */,
				C0D73B4E24451E4B00391533 /* Frameworks */,
				C0D73B4F24451E4B00391533 /* Resources */,
			);
			buildRules = (
			);
			dependencies = (
			);
			name = FilmLocations;
			productName = FilmLocations;
			productReference = C0D73B5124451E4B00391533 /* FilmLocations.app */;
			productType = "com.apple.product-type.application";
		};
/* End PBXNativeTarget section */

/* Begin PBXProject section */
		C0D73B4924451E4B00391533 /* Project object */ = {
			isa = PBXProject;
			attributes = {
				LastSwiftUpdateCheck = 1130;
				LastUpgradeCheck = 1130;
				ORGANIZATIONNAME = "Jessica Trinh";
				TargetAttributes = {
					C0D73B5024451E4B00391533 = {
						CreatedOnToolsVersion = 11.3.1;
					};
				};
			};
			buildConfigurationList = C0D73B4C24451E4B00391533 /* Build configuration list for PBXProject "FilmLocations" */;
			compatibilityVersion = "Xcode 9.3";
			developmentRegion = en;
			hasScannedForEncodings = 0;
			knownRegions = (
				en,
				Base,
			);
			mainGroup = C0D73B4824451E4B00391533;
			productRefGroup = C0D73B5224451E4B00391533 /* Products */;
			projectDirPath = "";
			projectRoot = "";
			targets = (
				C0D73B5024451E4B00391533 /* FilmLocations */,
			);
		};
/* End PBXProject section */

/* Begin PBXResourcesBuildPhase section */
		C0D73B4F24451E4B00391533 /* Resources */ = {
			isa = PBXResourcesBuildPhase;
			buildActionMask = 2147483647;
			files = (
				C0D73B6124451E5300391533 /* LaunchScreen.storyboard in Resources */,
				C0D73B5E24451E5300391533 /* Assets.xcassets in Resources */,
				C0D73B6924451F8C00391533 /* locations.json in Resources */,
				C0D73B5C24451E4B00391533 /* Main.storyboard in Resources */,
			);
			runOnlyForDeploymentPostprocessing = 0;
		};
/* End PBXResourcesBuildPhase section */

/* Begin PBXSourcesBuildPhase section */
		C0D73B4D24451E4B00391533 /* Sources */ = {
			isa = PBXSourcesBuildPhase;
			buildActionMask = 2147483647;
			files = (
				C0D73B6D2445367100391533 /* FilmEntryCodable.swift in Sources */,
				C0D73B6B2445265200391533 /* FilmEntry.swift in Sources */,
				C0D73B5924451E4B00391533 /* ViewController.swift in Sources */,
				C0D73B5524451E4B00391533 /* AppDelegate.swift in Sources */,
				C0D73B5724451E4B00391533 /* SceneDelegate.swift in Sources */,
			);
			runOnlyForDeploymentPostprocessing = 0;
		};
/* End PBXSourcesBuildPhase section */

/* Begin PBXVariantGroup section */
		C0D73B5A24451E4B00391533 /* Main.storyboard */ = {
			isa = PBXVariantGroup;
			children = (
				C0D73B5B24451E4B00391533 /* Base */,
			);
			name = Main.storyboard;
			sourceTree = "<group>";
		};
		C0D73B5F24451E5300391533 /* LaunchScreen.storyboard */ = {
			isa = PBXVariantGroup;
			children = (
				C0D73B6024451E5300391533 /* Base */,
			);
			name = LaunchScreen.storyboard;
			sourceTree = "<group>";
		};
/* End PBXVariantGroup section */

/* Begin XCBuildConfiguration section */
		C0D73B6324451E5300391533 /* Debug */ = {
			isa = XCBuildConfiguration;
			buildSettings = {
				ALWAYS_SEARCH_USER_PATHS = NO;
				CLANG_ANALYZER_NONNULL = YES;
				CLANG_ANALYZER_NUMBER_OBJECT_CONVERSION = YES_AGGRESSIVE;
				CLANG_CXX_LANGUAGE_STANDARD = "gnu++14";
				CLANG_CXX_LIBRARY = "libc++";
				CLANG_ENABLE_MODULES = YES;
				CLANG_ENABLE_OBJC_ARC = YES;
				CLANG_ENABLE_OBJC_WEAK = YES;
				CLANG_WARN_BLOCK_CAPTURE_AUTORELEASING = YES;
				CLANG_WARN_BOOL_CONVERSION = YES;
				CLANG_WARN_COMMA = YES;
				CLANG_WARN_CONSTANT_CONVERSION = YES;
				CLANG_WARN_DEPRECATED_OBJC_IMPLEMENTATIONS = YES;
				CLANG_WARN_DIRECT_OBJC_ISA_USAGE = YES_ERROR;
				CLANG_WARN_DOCUMENTATION_COMMENTS = YES;
				CLANG_WARN_EMPTY_BODY = YES;
				CLANG_WARN_ENUM_CONVERSION = YES;
				CLANG_WARN_INFINITE_RECURSION = YES;
				CLANG_WARN_INT_CONVERSION = YES;
				CLANG_WARN_NON_LITERAL_NULL_CONVERSION = YES;
				CLANG_WARN_OBJC_IMPLICIT_RETAIN_SELF = YES;
				CLANG_WARN_OBJC_LITERAL_CONVERSION = YES;
				CLANG_WARN_OBJC_ROOT_CLASS = YES_ERROR;
				CLANG_WARN_RANGE_LOOP_ANALYSIS = YES;
				CLANG_WARN_STRICT_PROTOTYPES = YES;
				CLANG_WARN_SUSPICIOUS_MOVE = YES;
				CLANG_WARN_UNGUARDED_AVAILABILITY = YES_AGGRESSIVE;
				CLANG_WARN_UNREACHABLE_CODE = YES;
				CLANG_WARN__DUPLICATE_METHOD_MATCH = YES;
				COPY_PHASE_STRIP = NO;
				DEBUG_INFORMATION_FORMAT = dwarf;
				ENABLE_STRICT_OBJC_MSGSEND = YES;
				ENABLE_TESTABILITY = YES;
				GCC_C_LANGUAGE_STANDARD = gnu11;
				GCC_DYNAMIC_NO_PIC = NO;
				GCC_NO_COMMON_BLOCKS = YES;
				GCC_OPTIMIZATION_LEVEL = 0;
				GCC_PREPROCESSOR_DEFINITIONS = (
					"DEBUG=1",
					"$(inherited)",
				);
				GCC_WARN_64_TO_32_BIT_CONVERSION = YES;
				GCC_WARN_ABOUT_RETURN_TYPE = YES_ERROR;
				GCC_WARN_UNDECLARED_SELECTOR = YES;
				GCC_WARN_UNINITIALIZED_AUTOS = YES_AGGRESSIVE;
				GCC_WARN_UNUSED_FUNCTION = YES;
				GCC_WARN_UNUSED_VARIABLE = YES;
				IPHONEOS_DEPLOYMENT_TARGET = 13.2;
				MTL_ENABLE_DEBUG_INFO = INCLUDE_SOURCE;
				MTL_FAST_MATH = YES;
				ONLY_ACTIVE_ARCH = YES;
				SDKROOT = iphoneos;
				SWIFT_ACTIVE_COMPILATION_CONDITIONS = DEBUG;
				SWIFT_OPTIMIZATION_LEVEL = "-Onone";
			};
			name = Debug;
		};
		C0D73B6424451E5300391533 /* Release */ = {
			isa = XCBuildConfiguration;
			buildSettings = {
				ALWAYS_SEARCH_USER_PATHS = NO;
				CLANG_ANALYZER_NONNULL = YES;
				CLANG_ANALYZER_NUMBER_OBJECT_CONVERSION = YES_AGGRESSIVE;
				CLANG_CXX_LANGUAGE_STANDARD = "gnu++14";
				CLANG_CXX_LIBRARY = "libc++";
				CLANG_ENABLE_MODULES = YES;
				CLANG_ENABLE_OBJC_ARC = YES;
				CLANG_ENABLE_OBJC_WEAK = YES;
				CLANG_WARN_BLOCK_CAPTURE_AUTORELEASING = YES;
				CLANG_WARN_BOOL_CONVERSION = YES;
				CLANG_WARN_COMMA = YES;
				CLANG_WARN_CONSTANT_CONVERSION = YES;
				CLANG_WARN_DEPRECATED_OBJC_IMPLEMENTATIONS = YES;
				CLANG_WARN_DIRECT_OBJC_ISA_USAGE = YES_ERROR;
				CLANG_WARN_DOCUMENTATION_COMMENTS = YES;
				CLANG_WARN_EMPTY_BODY = YES;
				CLANG_WARN_ENUM_CONVERSION = YES;
				CLANG_WARN_INFINITE_RECURSION = YES;
				CLANG_WARN_INT_CONVERSION = YES;
				CLANG_WARN_NON_LITERAL_NULL_CONVERSION = YES;
				CLANG_WARN_OBJC_IMPLICIT_RETAIN_SELF = YES;
				CLANG_WARN_OBJC_LITERAL_CONVERSION = YES;
				CLANG_WARN_OBJC_ROOT_CLASS = YES_ERROR;
				CLANG_WARN_RANGE_LOOP_ANALYSIS = YES;
				CLANG_WARN_STRICT_PROTOTYPES = YES;
				CLANG_WARN_SUSPICIOUS_MOVE = YES;
				CLANG_WARN_UNGUARDED_AVAILABILITY = YES_AGGRESSIVE;
				CLANG_WARN_UNREACHABLE_CODE = YES;
				CLANG_WARN__DUPLICATE_METHOD_MATCH = YES;
				COPY_PHASE_STRIP = NO;
				DEBUG_INFORMATION_FORMAT = "dwarf-with-dsym";
				ENABLE_NS_ASSERTIONS = NO;
				ENABLE_STRICT_OBJC_MSGSEND = YES;
				GCC_C_LANGUAGE_STANDARD = gnu11;
				GCC_NO_COMMON_BLOCKS = YES;
				GCC_WARN_64_TO_32_BIT_CONVERSION = YES;
				GCC_WARN_ABOUT_RETURN_TYPE = YES_ERROR;
				GCC_WARN_UNDECLARED_SELECTOR = YES;
				GCC_WARN_UNINITIALIZED_AUTOS = YES_AGGRESSIVE;
				GCC_WARN_UNUSED_FUNCTION = YES;
				GCC_WARN_UNUSED_VARIABLE = YES;
				IPHONEOS_DEPLOYMENT_TARGET = 13.2;
				MTL_ENABLE_DEBUG_INFO = NO;
				MTL_FAST_MATH = YES;
				SDKROOT = iphoneos;
				SWIFT_COMPILATION_MODE = wholemodule;
				SWIFT_OPTIMIZATION_LEVEL = "-O";
				VALIDATE_PRODUCT = YES;
			};
			name = Release;
		};
		C0D73B6624451E5300391533 /* Debug */ = {
			isa = XCBuildConfiguration;
			buildSettings = {
				ASSETCATALOG_COMPILER_APPICON_NAME = AppIcon;
				CODE_SIGN_STYLE = Automatic;
				DEVELOPMENT_TEAM = 95TXKAQ9ZU;
				INFOPLIST_FILE = FilmLocations/Info.plist;
				LD_RUNPATH_SEARCH_PATHS = (
					"$(inherited)",
					"@executable_path/Frameworks",
				);
				PRODUCT_BUNDLE_IDENTIFIER = "com.jessica-trinh.FilmLocations";
				PRODUCT_NAME = "$(TARGET_NAME)";
				SWIFT_VERSION = 5.0;
				TARGETED_DEVICE_FAMILY = "1,2";
			};
			name = Debug;
		};
		C0D73B6724451E5300391533 /* Release */ = {
			isa = XCBuildConfiguration;
			buildSettings = {
				ASSETCATALOG_COMPILER_APPICON_NAME = AppIcon;
				CODE_SIGN_STYLE = Automatic;
				DEVELOPMENT_TEAM = 95TXKAQ9ZU;
				INFOPLIST_FILE = FilmLocations/Info.plist;
				LD_RUNPATH_SEARCH_PATHS = (
					"$(inherited)",
					"@executable_path/Frameworks",
				);
				PRODUCT_BUNDLE_IDENTIFIER = "com.jessica-trinh.FilmLocations";
				PRODUCT_NAME = "$(TARGET_NAME)";
				SWIFT_VERSION = 5.0;
				TARGETED_DEVICE_FAMILY = "1,2";
			};
			name = Release;
		};
/* End XCBuildConfiguration section */

/* Begin XCConfigurationList section */
		C0D73B4C24451E4B00391533 /* Build configuration list for PBXProject "FilmLocations" */ = {
			isa = XCConfigurationList;
			buildConfigurations = (
				C0D73B6324451E5300391533 /* Debug */,
				C0D73B6424451E5300391533 /* Release */,
			);
			defaultConfigurationIsVisible = 0;
			defaultConfigurationName = Release;
		};
		C0D73B6524451E5300391533 /* Build configuration list for PBXNativeTarget "FilmLocations" */ = {
			isa = XCConfigurationList;
			buildConfigurations = (
				C0D73B6624451E5300391533 /* Debug */,
				C0D73B6724451E5300391533 /* Release */,
			);
			defaultConfigurationIsVisible = 0;
			defaultConfigurationName = Release;
		};
/* End XCConfigurationList section */
	};
	rootObject = C0D73B4924451E4B00391533 /* Project object */;
}
